
Microsoft Visual Studio Solution File, Format Version 12.00
# Visual Studio 2013
VisualStudioVersion = 12.0.21005.1
MinimumVisualStudioVersion = 10.0.40219.1
Project("{FAE04EC0-301F-11D3-BF4B-00C04F79EFBC}") = "MathZone", "MathZone\MathZone.csproj", "{AFAD883A-9D66-4406-BC4A-771E3063C5A5}"
EndProject
Global
	GlobalSection(SolutionConfigurationPlatforms) = preSolution
		Debug|Any CPU = Debug|Any CPU
		Release|Any CPU = Release|Any CPU
	EndGlobalSection
	GlobalSection(ProjectConfigurationPlatforms) = postSolution
		{AFAD883A-9D66-4406-BC4A-771E3063C5A5}.Debug|Any CPU.ActiveCfg = Debug|Any CPU
		{AFAD883A-9D66-4406-BC4A-771E3063C5A5}.Debug|Any CPU.Build.0 = Debug|Any CPU
		{AFAD883A-9D66-4406-BC4A-771E3063C5A5}.Release|Any CPU.ActiveCfg = Release|Any CPU
		{AFAD883A-9D66-4406-BC4A-771E3063C5A5}.Release|Any CPU.Build.0 = Release|Any CPU
	EndGlobalSection
	GlobalSection(SolutionProperties) = preSolution
		HideSolutionNode = FALSE
	EndGlobalSection
EndGlobal
